
Microsoft Visual Studio Solution File, Format Version 12.00
# Visual Studio Version 17
VisualStudioVersion = 17.6.33815.320
MinimumVisualStudioVersion = 10.0.40219.1
Project("{FAE04EC0-301F-11D3-BF4B-00C04F79EFBC}") = "Dapper_Project", "Dapper_Project\Dapper_Project.csproj", "{A164DD53-6F8F-481E-88AA-9C34246A79F0}"
EndProject
Global
	GlobalSection(SolutionConfigurationPlatforms) = preSolution
		Debug|Any CPU = Debug|Any CPU
		Release|Any CPU = Release|Any CPU
	EndGlobalSection
	GlobalSection(ProjectConfigurationPlatforms) = postSolution
		{A164DD53-6F8F-481E-88AA-9C34246A79F0}.Debug|Any CPU.ActiveCfg = Debug|Any CPU
		{A164DD53-6F8F-481E-88AA-9C34246A79F0}.Debug|Any CPU.Build.0 = Debug|Any CPU
		{A164DD53-6F8F-481E-88AA-9C34246A79F0}.Release|Any CPU.ActiveCfg = Release|Any CPU
		{A164DD53-6F8F-481E-88AA-9C34246A79F0}.Release|Any CPU.Build.0 = Release|Any CPU
	EndGlobalSection
	GlobalSection(SolutionProperties) = preSolution
		HideSolutionNode = FALSE
	EndGlobalSection
	GlobalSection(ExtensibilityGlobals) = postSolution
		SolutionGuid = {99773713-DC94-4515-9EDC-3E7914756084}
	EndGlobalSection
EndGlobal
